
Microsoft Visual Studio Solution File, Format Version 12.00
# Visual Studio Version 16
VisualStudioVersion = 16.0.29001.49
MinimumVisualStudioVersion = 10.0.40219.1
Project("{FAE04EC0-301F-11D3-BF4B-00C04F79EFBC}") = "FlashcardAPI", "FlashcardAPI\FlashcardAPI.csproj", "{C8F90AAB-C37C-4045-9593-79A229ADD279}"
EndProject
Global
	GlobalSection(SolutionConfigurationPlatforms) = preSolution
		Debug|Any CPU = Debug|Any CPU
		Release|Any CPU = Release|Any CPU
	EndGlobalSection
	GlobalSection(ProjectConfigurationPlatforms) = postSolution
		{C8F90AAB-C37C-4045-9593-79A229ADD279}.Debug|Any CPU.ActiveCfg = Debug|Any CPU
		{C8F90AAB-C37C-4045-9593-79A229ADD279}.Debug|Any CPU.Build.0 = Debug|Any CPU
		{C8F90AAB-C37C-4045-9593-79A229ADD279}.Release|Any CPU.ActiveCfg = Release|Any CPU
		{C8F90AAB-C37C-4045-9593-79A229ADD279}.Release|Any CPU.Build.0 = Release|Any CPU
	EndGlobalSection
	GlobalSection(SolutionProperties) = preSolution
		HideSolutionNode = FALSE
	EndGlobalSection
	GlobalSection(ExtensibilityGlobals) = postSolution
		SolutionGuid = {AB799933-1061-45CD-9BF3-0CE56ADB4B94}
	EndGlobalSection
EndGlobal
